// !$*UTF8*$!
{
	archiveVersion = 1;
	classes = {
	};
	objectVersion = 46;
	objects = {

/* Begin PBXBuildFile section */
		04F591EC1D5F743E00E0408E /* Tasks+CoreDataProperties.m in Sources */ = {isa = PBXBuildFile; fileRef = 04F591E51D5F743E00E0408E /* Tasks+CoreDataProperties.m */; };
		04F591ED1D5F743E00E0408E /* Tasks.m in Sources */ = {isa = PBXBuildFile; fileRef = 04F591E71D5F743E00E0408E /* Tasks.m */; };
		04F591EE1D5F743E00E0408E /* Time+CoreDataProperties.m in Sources */ = {isa = PBXBuildFile; fileRef = 04F591E91D5F743E00E0408E /* Time+CoreDataProperties.m */; };
		04F591EF1D5F743E00E0408E /* Time.m in Sources */ = {isa = PBXBuildFile; fileRef = 04F591EB1D5F743E00E0408E /* Time.m */; };
		04F591F31D5F746700E0408E /* TTDatabase.m in Sources */ = {isa = PBXBuildFile; fileRef = 04F591F21D5F746700E0408E /* TTDatabase.m */; };
		445635FE1D5D7B9B001908E1 /* AppDelegate.m in Sources */ = {isa = PBXBuildFile; fileRef = 445635FD1D5D7B9B001908E1 /* AppDelegate.m */; };
		445636011D5D7B9B001908E1 /* main.m in Sources */ = {isa = PBXBuildFile; fileRef = 445636001D5D7B9B001908E1 /* main.m */; };
		445636041D5D7B9B001908E1 /* ViewController.m in Sources */ = {isa = PBXBuildFile; fileRef = 445636031D5D7B9B001908E1 /* ViewController.m */; };
		445636071D5D7B9B001908E1 /* FexconTimeTracker.xcdatamodeld in Sources */ = {isa = PBXBuildFile; fileRef = 445636051D5D7B9B001908E1 /* FexconTimeTracker.xcdatamodeld */; };
		445636091D5D7B9B001908E1 /* Assets.xcassets in Resources */ = {isa = PBXBuildFile; fileRef = 445636081D5D7B9B001908E1 /* Assets.xcassets */; };
		4456360C1D5D7B9B001908E1 /* Main.storyboard in Resources */ = {isa = PBXBuildFile; fileRef = 4456360A1D5D7B9B001908E1 /* Main.storyboard */; };
/* End PBXBuildFile section */

/* Begin PBXFileReference section */
		04F591E41D5F743E00E0408E /* Tasks+CoreDataProperties.h */ = {isa = PBXFileReference; fileEncoding = 4; lastKnownFileType = sourcecode.c.h; name = "Tasks+CoreDataProperties.h"; path = "model/Tasks+CoreDataProperties.h"; sourceTree = "<group>"; };
		04F591E51D5F743E00E0408E /* Tasks+CoreDataProperties.m */ = {isa = PBXFileReference; fileEncoding = 4; lastKnownFileType = sourcecode.c.objc; name = "Tasks+CoreDataProperties.m"; path = "model/Tasks+CoreDataProperties.m"; sourceTree = "<group>"; };
		04F591E61D5F743E00E0408E /* Tasks.h */ = {isa = PBXFileReference; fileEncoding = 4; lastKnownFileType = sourcecode.c.h; name = Tasks.h; path = model/Tasks.h; sourceTree = "<group>"; };
		04F591E71D5F743E00E0408E /* Tasks.m */ = {isa = PBXFileReference; fileEncoding = 4; lastKnownFileType = sourcecode.c.objc; name = Tasks.m; path = model/Tasks.m; sourceTree = "<group>"; };
		04F591E81D5F743E00E0408E /* Time+CoreDataProperties.h */ = {isa = PBXFileReference; fileEncoding = 4; lastKnownFileType = sourcecode.c.h; name = "Time+CoreDataProperties.h"; path = "model/Time+CoreDataProperties.h"; sourceTree = "<group>"; };
		04F591E91D5F743E00E0408E /* Time+CoreDataProperties.m */ = {isa = PBXFileReference; fileEncoding = 4; lastKnownFileType = sourcecode.c.objc; name = "Time+CoreDataProperties.m"; path = "model/Time+CoreDataProperties.m"; sourceTree = "<group>"; };
		04F591EA1D5F743E00E0408E /* Time.h */ = {isa = PBXFileReference; fileEncoding = 4; lastKnownFileType = sourcecode.c.h; name = Time.h; path = model/Time.h; sourceTree = "<group>"; };
		04F591EB1D5F743E00E0408E /* Time.m */ = {isa = PBXFileReference; fileEncoding = 4; lastKnownFileType = sourcecode.c.objc; name = Time.m; path = model/Time.m; sourceTree = "<group>"; };
		04F591F11D5F746700E0408E /* TTDatabase.h */ = {isa = PBXFileReference; fileEncoding = 4; lastKnownFileType = sourcecode.c.h; name = TTDatabase.h; path = util/TTDatabase.h; sourceTree = "<group>"; };
		04F591F21D5F746700E0408E /* TTDatabase.m */ = {isa = PBXFileReference; fileEncoding = 4; lastKnownFileType = sourcecode.c.objc; name = TTDatabase.m; path = util/TTDatabase.m; sourceTree = "<group>"; };
		445635F91D5D7B9B001908E1 /* FexconTimeTracker.app */ = {isa = PBXFileReference; explicitFileType = wrapper.application; includeInIndex = 0; path = FexconTimeTracker.app; sourceTree = BUILT_PRODUCTS_DIR; };
		445635FC1D5D7B9B001908E1 /* AppDelegate.h */ = {isa = PBXFileReference; lastKnownFileType = sourcecode.c.h; path = AppDelegate.h; sourceTree = "<group>"; };
		445635FD1D5D7B9B001908E1 /* AppDelegate.m */ = {isa = PBXFileReference; lastKnownFileType = sourcecode.c.objc; path = AppDelegate.m; sourceTree = "<group>"; };
		445636001D5D7B9B001908E1 /* main.m */ = {isa = PBXFileReference; lastKnownFileType = sourcecode.c.objc; path = main.m; sourceTree = "<group>"; };
		445636021D5D7B9B001908E1 /* ViewController.h */ = {isa = PBXFileReference; lastKnownFileType = sourcecode.c.h; path = ViewController.h; sourceTree = "<group>"; };
		445636031D5D7B9B001908E1 /* ViewController.m */ = {isa = PBXFileReference; lastKnownFileType = sourcecode.c.objc; path = ViewController.m; sourceTree = "<group>"; };
		445636061D5D7B9B001908E1 /* FexconTimeTracker.xcdatamodel */ = {isa = PBXFileReference; lastKnownFileType = wrapper.xcdatamodel; path = FexconTimeTracker.xcdatamodel; sourceTree = "<group>"; };
		445636081D5D7B9B001908E1 /* Assets.xcassets */ = {isa = PBXFileReference; lastKnownFileType = folder.assetcatalog; path = Assets.xcassets; sourceTree = "<group>"; };
		4456360B1D5D7B9B001908E1 /* Base */ = {isa = PBXFileReference; lastKnownFileType = file.storyboard; name = Base; path = Base.lproj/Main.storyboard; sourceTree = "<group>"; };
		4456360D1D5D7B9B001908E1 /* Info.plist */ = {isa = PBXFileReference; lastKnownFileType = text.plist.xml; path = Info.plist; sourceTree = "<group>"; };
/* End PBXFileReference section */

/* Begin PBXFrameworksBuildPhase section */
		445635F61D5D7B9B001908E1 /* Frameworks */ = {
			isa = PBXFrameworksBuildPhase;
			buildActionMask = 2147483647;
			files = (
			);
			runOnlyForDeploymentPostprocessing = 0;
		};
/* End PBXFrameworksBuildPhase section */

/* Begin PBXGroup section */
		04A9D8451D5E2D5B001D565F /* images */ = {
			isa = PBXGroup;
			children = (
			);
			name = images;
			sourceTree = "<group>";
		};
		04F591E31D5F742700E0408E /* model */ = {
			isa = PBXGroup;
			children = (
				04F591E41D5F743E00E0408E /* Tasks+CoreDataProperties.h */,
				04F591E51D5F743E00E0408E /* Tasks+CoreDataProperties.m */,
				04F591E61D5F743E00E0408E /* Tasks.h */,
				04F591E71D5F743E00E0408E /* Tasks.m */,
				04F591E81D5F743E00E0408E /* Time+CoreDataProperties.h */,
				04F591E91D5F743E00E0408E /* Time+CoreDataProperties.m */,
				04F591EA1D5F743E00E0408E /* Time.h */,
				04F591EB1D5F743E00E0408E /* Time.m */,
			);
			name = model;
			sourceTree = "<group>";
		};
		04F591F01D5F744500E0408E /* util */ = {
			isa = PBXGroup;
			children = (
				04F591F11D5F746700E0408E /* TTDatabase.h */,
				04F591F21D5F746700E0408E /* TTDatabase.m */,
			);
			name = util;
			sourceTree = "<group>";
		};
		445635F01D5D7B9B001908E1 = {
			isa = PBXGroup;
			children = (
				445635FB1D5D7B9B001908E1 /* FexconTimeTracker */,
				445635FA1D5D7B9B001908E1 /* Products */,
			);
			sourceTree = "<group>";
		};
		445635FA1D5D7B9B001908E1 /* Products */ = {
			isa = PBXGroup;
			children = (
				445635F91D5D7B9B001908E1 /* FexconTimeTracker.app */,
			);
			name = Products;
			sourceTree = "<group>";
		};
		445635FB1D5D7B9B001908E1 /* FexconTimeTracker */ = {
			isa = PBXGroup;
			children = (
				04F591F01D5F744500E0408E /* util */,
				04F591E31D5F742700E0408E /* model */,
				04A9D8451D5E2D5B001D565F /* images */,
				445635FC1D5D7B9B001908E1 /* AppDelegate.h */,
				445635FD1D5D7B9B001908E1 /* AppDelegate.m */,
				445636021D5D7B9B001908E1 /* ViewController.h */,
				445636031D5D7B9B001908E1 /* ViewController.m */,
				445636081D5D7B9B001908E1 /* Assets.xcassets */,
				4456360A1D5D7B9B001908E1 /* Main.storyboard */,
				4456360D1D5D7B9B001908E1 /* Info.plist */,
				445636051D5D7B9B001908E1 /* FexconTimeTracker.xcdatamodeld */,
				445635FF1D5D7B9B001908E1 /* Supporting Files */,
			);
			path = FexconTimeTracker;
			sourceTree = "<group>";
		};
		445635FF1D5D7B9B001908E1 /* Supporting Files */ = {
			isa = PBXGroup;
			children = (
				445636001D5D7B9B001908E1 /* main.m */,
			);
			name = "Supporting Files";
			sourceTree = "<group>";
		};
/* End PBXGroup section */

/* Begin PBXNativeTarget section */
		445635F81D5D7B9B001908E1 /* FexconTimeTracker */ = {
			isa = PBXNativeTarget;
			buildConfigurationList = 445636101D5D7B9B001908E1 /* Build configuration list for PBXNativeTarget "FexconTimeTracker" */;
			buildPhases = (
				445635F51D5D7B9B001908E1 /* Sources */,
				445635F61D5D7B9B001908E1 /* Frameworks */,
				445635F71D5D7B9B001908E1 /* Resources */,
			);
			buildRules = (
			);
			dependencies = (
			);
			name = FexconTimeTracker;
			productName = FexconTimeTracker;
			productReference = 445635F91D5D7B9B001908E1 /* FexconTimeTracker.app */;
			productType = "com.apple.product-type.application";
		};
/* End PBXNativeTarget section */

/* Begin PBXProject section */
		445635F11D5D7B9B001908E1 /* Project object */ = {
			isa = PBXProject;
			attributes = {
				LastUpgradeCheck = 0730;
				ORGANIZATIONNAME = Chathura;
				TargetAttributes = {
					445635F81D5D7B9B001908E1 = {
						CreatedOnToolsVersion = 7.3;
					};
				};
			};
			buildConfigurationList = 445635F41D5D7B9B001908E1 /* Build configuration list for PBXProject "FexconTimeTracker" */;
			compatibilityVersion = "Xcode 3.2";
			developmentRegion = English;
			hasScannedForEncodings = 0;
			knownRegions = (
				en,
				Base,
			);
			mainGroup = 445635F01D5D7B9B001908E1;
			productRefGroup = 445635FA1D5D7B9B001908E1 /* Products */;
			projectDirPath = "";
			projectRoot = "";
			targets = (
				445635F81D5D7B9B001908E1 /* FexconTimeTracker */,
			);
		};
/* End PBXProject section */

/* Begin PBXResourcesBuildPhase section */
		445635F71D5D7B9B001908E1 /* Resources */ = {
			isa = PBXResourcesBuildPhase;
			buildActionMask = 2147483647;
			files = (
				445636091D5D7B9B001908E1 /* Assets.xcassets in Resources */,
				4456360C1D5D7B9B001908E1 /* Main.storyboard in Resources */,
			);
			runOnlyForDeploymentPostprocessing = 0;
		};
/* End PBXResourcesBuildPhase section */

/* Begin PBXSourcesBuildPhase section */
		445635F51D5D7B9B001908E1 /* Sources */ = {
			isa = PBXSourcesBuildPhase;
			buildActionMask = 2147483647;
			files = (
				04F591EF1D5F743E00E0408E /* Time.m in Sources */,
				04F591ED1D5F743E00E0408E /* Tasks.m in Sources */,
				445636071D5D7B9B001908E1 /* FexconTimeTracker.xcdatamodeld in Sources */,
				04F591F31D5F746700E0408E /* TTDatabase.m in Sources */,
				04F591EE1D5F743E00E0408E /* Time+CoreDataProperties.m in Sources */,
				445636041D5D7B9B001908E1 /* ViewController.m in Sources */,
				445636011D5D7B9B001908E1 /* main.m in Sources */,
				445635FE1D5D7B9B001908E1 /* AppDelegate.m in Sources */,
				04F591EC1D5F743E00E0408E /* Tasks+CoreDataProperties.m in Sources */,
			);
			runOnlyForDeploymentPostprocessing = 0;
		};
/* End PBXSourcesBuildPhase section */

/* Begin PBXVariantGroup section */
		4456360A1D5D7B9B001908E1 /* Main.storyboard */ = {
			isa = PBXVariantGroup;
			children = (
				4456360B1D5D7B9B001908E1 /* Base */,
			);
			name = Main.storyboard;
			sourceTree = "<group>";
		};
/* End PBXVariantGroup section */

/* Begin XCBuildConfiguration section */
		4456360E1D5D7B9B001908E1 /* Debug */ = {
			isa = XCBuildConfiguration;
			buildSettings = {
				ALWAYS_SEARCH_USER_PATHS = NO;
				CLANG_ANALYZER_NONNULL = YES;
				CLANG_CXX_LANGUAGE_STANDARD = "gnu++0x";
				CLANG_CXX_LIBRARY = "libc++";
				CLANG_ENABLE_MODULES = YES;
				CLANG_ENABLE_OBJC_ARC = YES;
				CLANG_WARN_BOOL_CONVERSION = YES;
				CLANG_WARN_CONSTANT_CONVERSION = YES;
				CLANG_WARN_DIRECT_OBJC_ISA_USAGE = YES_ERROR;
				CLANG_WARN_EMPTY_BODY = YES;
				CLANG_WARN_ENUM_CONVERSION = YES;
				CLANG_WARN_INT_CONVERSION = YES;
				CLANG_WARN_OBJC_ROOT_CLASS = YES_ERROR;
				CLANG_WARN_UNREACHABLE_CODE = YES;
				CLANG_WARN__DUPLICATE_METHOD_MATCH = YES;
				CODE_SIGN_IDENTITY = "-";
				COPY_PHASE_STRIP = NO;
				DEBUG_INFORMATION_FORMAT = dwarf;
				ENABLE_STRICT_OBJC_MSGSEND = YES;
				ENABLE_TESTABILITY = YES;
				GCC_C_LANGUAGE_STANDARD = gnu99;
				GCC_DYNAMIC_NO_PIC = NO;
				GCC_NO_COMMON_BLOCKS = YES;
				GCC_OPTIMIZATION_LEVEL = 0;
				GCC_PREPROCESSOR_DEFINITIONS = (
					"DEBUG=1",
					"$(inherited)",
				);
				GCC_WARN_64_TO_32_BIT_CONVERSION = YES;
				GCC_WARN_ABOUT_RETURN_TYPE = YES_ERROR;
				GCC_WARN_UNDECLARED_SELECTOR = YES;
				GCC_WARN_UNINITIALIZED_AUTOS = YES_AGGRESSIVE;
				GCC_WARN_UNUSED_FUNCTION = YES;
				GCC_WARN_UNUSED_VARIABLE = YES;
				MACOSX_DEPLOYMENT_TARGET = 10.11;
				MTL_ENABLE_DEBUG_INFO = YES;
				ONLY_ACTIVE_ARCH = YES;
				SDKROOT = macosx;
			};
			name = Debug;
		};
		4456360F1D5D7B9B001908E1 /* Release */ = {
			isa = XCBuildConfiguration;
			buildSettings = {
				ALWAYS_SEARCH_USER_PATHS = NO;
				CLANG_ANALYZER_NONNULL = YES;
				CLANG_CXX_LANGUAGE_STANDARD = "gnu++0x";
				CLANG_CXX_LIBRARY = "libc++";
				CLANG_ENABLE_MODULES = YES;
				CLANG_ENABLE_OBJC_ARC = YES;
				CLANG_WARN_BOOL_CONVERSION = YES;
				CLANG_WARN_CONSTANT_CONVERSION = YES;
				CLANG_WARN_DIRECT_OBJC_ISA_USAGE = YES_ERROR;
				CLANG_WARN_EMPTY_BODY = YES;
				CLANG_WARN_ENUM_CONVERSION = YES;
				CLANG_WARN_INT_CONVERSION = YES;
				CLANG_WARN_OBJC_ROOT_CLASS = YES_ERROR;
				CLANG_WARN_UNREACHABLE_CODE = YES;
				CLANG_WARN__DUPLICATE_METHOD_MATCH = YES;
				CODE_SIGN_IDENTITY = "-";
				COPY_PHASE_STRIP = NO;
				DEBUG_INFORMATION_FORMAT = "dwarf-with-dsym";
				ENABLE_NS_ASSERTIONS = NO;
				ENABLE_STRICT_OBJC_MSGSEND = YES;
				GCC_C_LANGUAGE_STANDARD = gnu99;
				GCC_NO_COMMON_BLOCKS = YES;
				GCC_WARN_64_TO_32_BIT_CONVERSION = YES;
				GCC_WARN_ABOUT_RETURN_TYPE = YES_ERROR;
				GCC_WARN_UNDECLARED_SELECTOR = YES;
				GCC_WARN_UNINITIALIZED_AUTOS = YES_AGGRESSIVE;
				GCC_WARN_UNUSED_FUNCTION = YES;
				GCC_WARN_UNUSED_VARIABLE = YES;
				MACOSX_DEPLOYMENT_TARGET = 10.11;
				MTL_ENABLE_DEBUG_INFO = NO;
				SDKROOT = macosx;
			};
			name = Release;
		};
		445636111D5D7B9B001908E1 /* Debug */ = {
			isa = XCBuildConfiguration;
			buildSettings = {
				ASSETCATALOG_COMPILER_APPICON_NAME = AppIcon;
				COMBINE_HIDPI_IMAGES = YES;
				INFOPLIST_FILE = FexconTimeTracker/Info.plist;
				LD_RUNPATH_SEARCH_PATHS = "$(inherited) @executable_path/../Frameworks";
				MACOSX_DEPLOYMENT_TARGET = 10.8;
				PRODUCT_BUNDLE_IDENTIFIER = com.fexcon.FexconTimeTracker;
				PRODUCT_NAME = "$(TARGET_NAME)";
			};
			name = Debug;
		};
		445636121D5D7B9B001908E1 /* Release */ = {
			isa = XCBuildConfiguration;
			buildSettings = {
				ASSETCATALOG_COMPILER_APPICON_NAME = AppIcon;
				COMBINE_HIDPI_IMAGES = YES;
				INFOPLIST_FILE = FexconTimeTracker/Info.plist;
				LD_RUNPATH_SEARCH_PATHS = "$(inherited) @executable_path/../Frameworks";
				MACOSX_DEPLOYMENT_TARGET = 10.8;
				PRODUCT_BUNDLE_IDENTIFIER = com.fexcon.FexconTimeTracker;
				PRODUCT_NAME = "$(TARGET_NAME)";
			};
			name = Release;
		};
/* End XCBuildConfiguration section */

/* Begin XCConfigurationList section */
		445635F41D5D7B9B001908E1 /* Build configuration list for PBXProject "FexconTimeTracker" */ = {
			isa = XCConfigurationList;
			buildConfigurations = (
				4456360E1D5D7B9B001908E1 /* Debug */,
				4456360F1D5D7B9B001908E1 /* Release */,
			);
			defaultConfigurationIsVisible = 0;
			defaultConfigurationName = Release;
		};
		445636101D5D7B9B001908E1 /* Build configuration list for PBXNativeTarget "FexconTimeTracker" */ = {
			isa = XCConfigurationList;
			buildConfigurations = (
				445636111D5D7B9B001908E1 /* Debug */,
				445636121D5D7B9B001908E1 /* Release */,
			);
			defaultConfigurationIsVisible = 0;
			defaultConfigurationName = Release;
		};
/* End XCConfigurationList section */

/* Begin XCVersionGroup section */
		445636051D5D7B9B001908E1 /* FexconTimeTracker.xcdatamodeld */ = {
			isa = XCVersionGroup;
			children = (
				445636061D5D7B9B001908E1 /* FexconTimeTracker.xcdatamodel */,
			);
			currentVersion = 445636061D5D7B9B001908E1 /* FexconTimeTracker.xcdatamodel */;
			path = FexconTimeTracker.xcdatamodeld;
			sourceTree = "<group>";
			versionGroupType = wrapper.xcdatamodel;
		};
/* End XCVersionGroup section */
	};
	rootObject = 445635F11D5D7B9B001908E1 /* Project object */;
}
